
Microsoft Visual Studio Solution File, Format Version 12.00
# Visual Studio Version 16
VisualStudioVersion = 16.0.31410.357
MinimumVisualStudioVersion = 10.0.40219.1
Project("{FAE04EC0-301F-11D3-BF4B-00C04F79EFBC}") = "SEDOL", "SEDOL\SEDOL.csproj", "{D09FDE09-86B8-4BF0-B49F-BA937BA025B8}"
EndProject
Project("{FAE04EC0-301F-11D3-BF4B-00C04F79EFBC}") = "SEDOL_Test", "SEDOL_Test\SEDOL_Test.csproj", "{1D7C04E4-D5F1-48C9-8D7B-27E47D3EBCBF}"
EndProject
Global
	GlobalSection(SolutionConfigurationPlatforms) = preSolution
		Debug|Any CPU = Debug|Any CPU
		Release|Any CPU = Release|Any CPU
	EndGlobalSection
	GlobalSection(ProjectConfigurationPlatforms) = postSolution
		{D09FDE09-86B8-4BF0-B49F-BA937BA025B8}.Debug|Any CPU.ActiveCfg = Debug|Any CPU
		{D09FDE09-86B8-4BF0-B49F-BA937BA025B8}.Debug|Any CPU.Build.0 = Debug|Any CPU
		{D09FDE09-86B8-4BF0-B49F-BA937BA025B8}.Release|Any CPU.ActiveCfg = Release|Any CPU
		{D09FDE09-86B8-4BF0-B49F-BA937BA025B8}.Release|Any CPU.Build.0 = Release|Any CPU
		{1D7C04E4-D5F1-48C9-8D7B-27E47D3EBCBF}.Debug|Any CPU.ActiveCfg = Debug|Any CPU
		{1D7C04E4-D5F1-48C9-8D7B-27E47D3EBCBF}.Debug|Any CPU.Build.0 = Debug|Any CPU
		{1D7C04E4-D5F1-48C9-8D7B-27E47D3EBCBF}.Release|Any CPU.ActiveCfg = Release|Any CPU
		{1D7C04E4-D5F1-48C9-8D7B-27E47D3EBCBF}.Release|Any CPU.Build.0 = Release|Any CPU
	EndGlobalSection
	GlobalSection(SolutionProperties) = preSolution
		HideSolutionNode = FALSE
	EndGlobalSection
	GlobalSection(ExtensibilityGlobals) = postSolution
		SolutionGuid = {2C1B8658-7111-4062-AA32-560EB8BE571A}
	EndGlobalSection
EndGlobal
